
Microsoft Visual Studio Solution File, Format Version 12.00
# Visual Studio Version 17
VisualStudioVersion = 17.4.33205.214
MinimumVisualStudioVersion = 10.0.40219.1
Project("{FAE04EC0-301F-11D3-BF4B-00C04F79EFBC}") = "Bmi.Api", "Bmi.Api\Bmi.Api.csproj", "{5360F27D-2C43-4469-841D-4EED59375108}"
EndProject
Global
	GlobalSection(SolutionConfigurationPlatforms) = preSolution
		Debug|Any CPU = Debug|Any CPU
		Release|Any CPU = Release|Any CPU
	EndGlobalSection
	GlobalSection(ProjectConfigurationPlatforms) = postSolution
		{5360F27D-2C43-4469-841D-4EED59375108}.Debug|Any CPU.ActiveCfg = Debug|Any CPU
		{5360F27D-2C43-4469-841D-4EED59375108}.Debug|Any CPU.Build.0 = Debug|Any CPU
		{5360F27D-2C43-4469-841D-4EED59375108}.Release|Any CPU.ActiveCfg = Release|Any CPU
		{5360F27D-2C43-4469-841D-4EED59375108}.Release|Any CPU.Build.0 = Release|Any CPU
	EndGlobalSection
	GlobalSection(SolutionProperties) = preSolution
		HideSolutionNode = FALSE
	EndGlobalSection
	GlobalSection(ExtensibilityGlobals) = postSolution
		SolutionGuid = {5E196AC4-E000-459F-9299-AE480299453D}
	EndGlobalSection
EndGlobal
